<?xml version="1.0" encoding="utf-8"?>
<Project ToolsVersion="14.0" xmlns="http://schemas.microsoft.com/developer/msbuild/2003">
  <ItemGroup>
    <Filter Include="Resource Files">
      <UniqueIdentifier>{67DA6AB6-F800-4c08-8B7A-83BB121AAD01}</UniqueIdentifier>
      <Extensions>rc;ico;cur;bmp;dlg;rc2;rct;bin;rgs;gif;jpg;jpeg;jpe;resx;tga;tiff;tif;png;wav;mfcribbon-ms</Extensions>
    </Filter>
    <Filter Include="Foundation">
      <UniqueIdentifier>{91f3a233-8eb5-44ad-a186-cc015f0e68e7}</UniqueIdentifier>
    </Filter>
    <Filter Include="idl">
      <UniqueIdentifier>{9dac0764-d2d3-49f4-a4c6-74049780743b}</UniqueIdentifier>
    </Filter>
    <Filter Include="dll">
      <UniqueIdentifier>{b227e329-4fbe-4f9f-99e0-b07a564e6f72}</UniqueIdentifier>
    </Filter>
    <Filter Include="lib">
      <UniqueIdentifier>{e676e4f4-4996-4df1-a40e-59f426831855}</UniqueIdentifier>
    </Filter>
    <Filter Include="lib\ActivatableStaticClass">
      <UniqueIdentifier>{38f60be0-932d-4727-8bb1-3376e48dbb73}</UniqueIdentifier>
    </Filter>
    <Filter Include="lib\BasicClass">
      <UniqueIdentifier>{eac61ac0-fa0d-40db-8873-af3d4224e138}</UniqueIdentifier>
    </Filter>
    <Filter Include="lib\ParameterizedActivatableStaticClass">
      <UniqueIdentifier>{23b2c778-fc00-4000-8f24-8c1afe535fcd}</UniqueIdentifier>
    </Filter>
    <Filter Include="lib\ParameterizedConstructorClass">
      <UniqueIdentifier>{1a269cbf-4ddb-446f-a21a-c3e19826cbbe}</UniqueIdentifier>
    </Filter>
    <Filter Include="lib\StaticClass">
      <UniqueIdentifier>{e8d4a860-ad89-4a80-a193-62ac751fac60}</UniqueIdentifier>
    </Filter>
    <Filter Include="lib\SomeOtherType">
      <UniqueIdentifier>{45e31ed9-54b0-40e3-ac00-cf210ab9c11a}</UniqueIdentifier>
    </Filter>
  </ItemGroup>
  <ItemGroup>
    <ClCompile Include="pch.cpp" />
    <ClCompile Include="dllmain.cpp">
      <Filter>dll</Filter>
    </ClCompile>
    <ClCompile Include="lib\ActivatableStaticClassStatics.cpp">
      <Filter>lib\ActivatableStaticClass</Filter>
    </ClCompile>
    <ClCompile Include="lib\ActivatableStaticClass.cpp">
      <Filter>lib\ActivatableStaticClass</Filter>
    </ClCompile>
    <ClCompile Include="lib\BasicClass.cpp">
      <Filter>lib\BasicClass</Filter>
    </ClCompile>
    <ClCompile Include="lib\ParameterizedActivatableStaticClass.cpp">
      <Filter>lib\ParameterizedActivatableStaticClass</Filter>
    </ClCompile>
    <ClCompile Include="lib\ParameterizedActivatableStaticClassFactoryAndStatics.cpp">
      <Filter>lib\ParameterizedActivatableStaticClass</Filter>
    </ClCompile>
    <ClCompile Include="lib\ParameterizedConstructorClass.cpp">
      <Filter>lib\ParameterizedConstructorClass</Filter>
    </ClCompile>
    <ClCompile Include="lib\ParameterizedConstructorClassFactory.cpp">
      <Filter>lib\ParameterizedConstructorClass</Filter>
    </ClCompile>
    <ClCompile Include="lib\StaticClass.cpp">
      <Filter>lib\StaticClass</Filter>
    </ClCompile>
    <ClCompile Include="lib\StaticClassStatics.cpp">
      <Filter>lib\StaticClass</Filter>
    </ClCompile>
    <ClCompile Include="lib\SomeOtherType.cpp">
      <Filter>lib\SomeOtherType</Filter>
    </ClCompile>
  </ItemGroup>
  <ItemGroup>
    <ClInclude Include="pch.h" />
    <ClInclude Include="targetver.h" />
    <ClInclude Include="Foundation\AsyncOperation.h">
      <Filter>Foundation</Filter>
    </ClInclude>
    <ClInclude Include="Foundation\ErrorHandling.h">
      <Filter>Foundation</Filter>
    </ClInclude>
    <ClInclude Include="Foundation\LifespanTracker.h">
      <Filter>Foundation</Filter>
    </ClInclude>
    <ClInclude Include="Foundation\Map.h">
      <Filter>Foundation</Filter>
    </ClInclude>
    <ClInclude Include="Foundation\Vector.h">
      <Filter>Foundation</Filter>
    </ClInclude>
    <ClInclude Include="Foundation\WinStringBuilder.h">
      <Filter>Foundation</Filter>
    </ClInclude>
    <ClInclude Include="Foundation\WinStringWrapper.h">
      <Filter>Foundation</Filter>
    </ClInclude>
    <ClInclude Include="Macros.h" />
    <ClInclude Include="lib\ActivatableStaticClassStatics.h">
      <Filter>lib\ActivatableStaticClass</Filter>
    </ClInclude>
    <ClInclude Include="lib\ActivatableStaticClass.h">
      <Filter>lib\ActivatableStaticClass</Filter>
    </ClInclude>
    <ClInclude Include="lib\BasicClass.h">
      <Filter>lib\BasicClass</Filter>
    </ClInclude>
    <ClInclude Include="lib\ParameterizedActivatableStaticClass.h">
      <Filter>lib\ParameterizedActivatableStaticClass</Filter>
    </ClInclude>
    <ClInclude Include="lib\ParameterizedActivatableStaticClassFactoryAndStatics.h">
      <Filter>lib\ParameterizedActivatableStaticClass</Filter>
    </ClInclude>
    <ClInclude Include="lib\ParameterizedConstructorClass.h">
      <Filter>lib\ParameterizedConstructorClass</Filter>
    </ClInclude>
    <ClInclude Include="lib\ParameterizedConstructorClassFactory.h">
      <Filter>lib\ParameterizedConstructorClass</Filter>
    </ClInclude>
    <ClInclude Include="lib\StaticClass.h">
      <Filter>lib\StaticClass</Filter>
    </ClInclude>
    <ClInclude Include="lib\StaticClassStatics.h">
      <Filter>lib\StaticClass</Filter>
    </ClInclude>
    <ClInclude Include="lib\SomeOtherType.h">
      <Filter>lib\SomeOtherType</Filter>
    </ClInclude>
  </ItemGroup>
  <ItemGroup>
    <Midl Include="idl\ReferenceWRLImplementation.idl">
      <Filter>idl</Filter>
    </Midl>
  </ItemGroup>
  <ItemGroup>
    <None Include="ReferenceWRLImplementation.def">
      <Filter>dll</Filter>
    </None>
  </ItemGroup>
</Project>